# This file was autogenerated by Stack.
# You should not edit this file by hand.
# For more information, please see the documentation at:
#   https://docs.haskellstack.org/en/stable/lock_files

packages:
- completed:
    hackage: free-algebras-0.1.0.1@sha256:ebaac4d07ecf4a3ba106dc064a102ea82c44deabc2e79fcec21a4df40ddc17a2,2525
    pantry-tree:
      size: 1139
      sha256: c05ea9c4db9709f4114f89431c893a2376545b2d35be7379531b00092c58e333
  original:
    hackage: free-algebras-0.1.0.1
- completed:
    hackage: sbv-8.17@sha256:926ec6d73312ace047f29ed476083659c4fe00ae02f5eae625a643d9a38088ff,29079
    pantry-tree:
      size: 64220
      sha256: 020670eb9d68876fc23d093bf7a970d713ae96304087d4aef6db023fb74d92d3
  original:
    hackage: sbv-8.17
- completed:
    hackage: lens-regex-pcre-1.1.0.0@sha256:a6053fefae59f6b53b4741e5a75c5fae350af80dbf62e8673b565e1c3f34f8b9,2209
    pantry-tree:
      size: 630
      sha256: 84a02d84433d92c5e2a9a7bfd662244be607b4004c7d4d6fd1ba53adbc655022
  original:
    hackage: lens-regex-pcre-1.1.0.0
snapshots:
- completed:
    size: 586286
    url: https://raw.githubusercontent.com/commercialhaskell/stackage-snapshots/master/lts/18/15.yaml
    sha256: 2c9cb11d7aa0656bf28672dcb2414ab21e3ba9ea83ca170c216b2c2fc7e55856
  original:
    url: https://raw.githubusercontent.com/commercialhaskell/stackage-snapshots/master/lts/18/15.yaml
