# This file was autogenerated by Stack.
# You should not edit this file by hand.
# For more information, please see the documentation at:
#   https://docs.haskellstack.org/en/stable/lock_files

packages:
- completed:
    hackage: free-algebras-0.1.0.0@sha256:59c6496581fef0483f4eb42ab2fc637dffa8dfeb692d00ced8070a80c2be6013,2485
    pantry-tree:
      size: 1139
      sha256: bc586bc74af137489399aed36ff845a27cacdb9df0ad9002c90eb2bf8fe07b53
  original:
    hackage: free-algebras-0.1.0.0
snapshots:
- completed:
    size: 532414
    url: https://raw.githubusercontent.com/commercialhaskell/stackage-snapshots/master/lts/16/22.yaml
    sha256: e483fb88549fc0f454c190979bf35ac91c7aceff2c0e71e7d8edd11842d772d8
  original:
    url: https://raw.githubusercontent.com/commercialhaskell/stackage-snapshots/master/lts/16/22.yaml
