# This file was autogenerated by Stack.
# You should not edit this file by hand.
# For more information, please see the documentation at:
#   https://docs.haskellstack.org/en/stable/lock_files

packages:
- completed:
    hackage: free-algebras-0.1.0.0@sha256:59c6496581fef0483f4eb42ab2fc637dffa8dfeb692d00ced8070a80c2be6013,2485
    pantry-tree:
      size: 1139
      sha256: bc586bc74af137489399aed36ff845a27cacdb9df0ad9002c90eb2bf8fe07b53
  original:
    hackage: free-algebras-0.1.0.0
- completed:
    hackage: sbv-8.9@sha256:efb0f16c671869805e57d11e269793d5e5ae512e8e626582cf76b8e46a63e9c6,28985
    pantry-tree:
      size: 62515
      sha256: 9bb3bb8dbb26363388e013c795e60e81f9b243ecac6e28b3e9d7079c083ebdf4
  original:
    hackage: sbv-8.9
- completed:
    hackage: lens-regex-pcre-1.1.0.0@sha256:a6053fefae59f6b53b4741e5a75c5fae350af80dbf62e8673b565e1c3f34f8b9,2209
    pantry-tree:
      size: 630
      sha256: 84a02d84433d92c5e2a9a7bfd662244be607b4004c7d4d6fd1ba53adbc655022
  original:
    hackage: lens-regex-pcre-1.1.0.0
snapshots:
- completed:
    size: 532414
    url: https://raw.githubusercontent.com/commercialhaskell/stackage-snapshots/master/lts/16/22.yaml
    sha256: e483fb88549fc0f454c190979bf35ac91c7aceff2c0e71e7d8edd11842d772d8
  original:
    url: https://raw.githubusercontent.com/commercialhaskell/stackage-snapshots/master/lts/16/22.yaml
