# This file was autogenerated by Stack.
# You should not edit this file by hand.
# For more information, please see the documentation at:
#   https://docs.haskellstack.org/en/stable/lock_files

packages:
- completed:
    hackage: free-algebras-0.1.1.0@sha256:0fc65b4c1e013c8defbcc093e7910c9f824997d4d88da28f6948c163b6c0a16d,2525
    pantry-tree:
      sha256: 63b9910795ab0a16e2dadf89eed56215a6fb6e9fea15eb4f303457ea9811602b
      size: 1140
  original:
    hackage: free-algebras-0.1.1.0
- completed:
    hackage: sbv-10.2@sha256:441c45528b62ede816027eccba9af46b68cdba1cbe5470829ffbbd4aeecb126e,25845
    pantry-tree:
      sha256: eb704cd53b3878cf09517098fd447081bf0b4fc6d03e3b6badddb2592fa42f11
      size: 71586
  original:
    hackage: sbv-10.2
- completed:
    hackage: lens-regex-pcre-1.1.0.0@sha256:a6053fefae59f6b53b4741e5a75c5fae350af80dbf62e8673b565e1c3f34f8b9,2209
    pantry-tree:
      sha256: 84a02d84433d92c5e2a9a7bfd662244be607b4004c7d4d6fd1ba53adbc655022
      size: 630
  original:
    hackage: lens-regex-pcre-1.1.0.0
snapshots:
- completed:
    sha256: b722a00116628c5bb173aef6e642be5e8533c22b08569f1a5164dec177a861a2
    size: 699419
    url: https://raw.githubusercontent.com/commercialhaskell/stackage-snapshots/master/nightly/2023/11/29.yaml
  original: nightly-2023-11-29
