# This file was autogenerated by Stack.
# You should not edit this file by hand.
# For more information, please see the documentation at:
#   https://docs.haskellstack.org/en/stable/lock_files

packages:
- completed:
    hackage: free-algebras-0.1.1.0@sha256:0fc65b4c1e013c8defbcc093e7910c9f824997d4d88da28f6948c163b6c0a16d,2525
    pantry-tree:
      sha256: 63b9910795ab0a16e2dadf89eed56215a6fb6e9fea15eb4f303457ea9811602b
      size: 1140
  original:
    hackage: free-algebras-0.1.1.0@sha256:0fc65b4c1e013c8defbcc093e7910c9f824997d4d88da28f6948c163b6c0a16d,2525
- completed:
    hackage: process-1.6.18.0@sha256:cd0a3e0376b5a8525983d3131a31e52f9ffefc278ce635eec45a9d3987b8be3e,3025
    pantry-tree:
      sha256: 3f9fef1f9a6ed1a6923578ada0bc8c16d016344cc67614473384524334463cc2
      size: 1675
  original:
    hackage: process-1.6.18.0@sha256:cd0a3e0376b5a8525983d3131a31e52f9ffefc278ce635eec45a9d3987b8be3e,3025
snapshots:
- completed:
    sha256: 08bd13ce621b41a8f5e51456b38d5b46d7783ce114a50ab604d6bbab0d002146
    size: 720271
    url: https://raw.githubusercontent.com/commercialhaskell/stackage-snapshots/master/lts/22/43.yaml
  original: lts-22.43
